
Microsoft Visual Studio Solution File, Format Version 12.00
# Visual Studio Version 17
VisualStudioVersion = 17.4.33110.190
MinimumVisualStudioVersion = 10.0.40219.1
Project("{FAE04EC0-301F-11D3-BF4B-00C04F79EFBC}") = "DotInjector-CSGO-injector", "DotInjector-CSGO-injector\DotInjector-CSGO-injector.csproj", "{B63D3943-9630-47B7-A691-A4116248AD56}"
EndProject
Global
	GlobalSection(SolutionConfigurationPlatforms) = preSolution
		Debug|Any CPU = Debug|Any CPU
		Release|Any CPU = Release|Any CPU
	EndGlobalSection
	GlobalSection(ProjectConfigurationPlatforms) = postSolution
		{B63D3943-9630-47B7-A691-A4116248AD56}.Debug|Any CPU.ActiveCfg = Debug|Any CPU
		{B63D3943-9630-47B7-A691-A4116248AD56}.Debug|Any CPU.Build.0 = Debug|Any CPU
		{B63D3943-9630-47B7-A691-A4116248AD56}.Release|Any CPU.ActiveCfg = Release|Any CPU
		{B63D3943-9630-47B7-A691-A4116248AD56}.Release|Any CPU.Build.0 = Release|Any CPU
	EndGlobalSection
	GlobalSection(SolutionProperties) = preSolution
		HideSolutionNode = FALSE
	EndGlobalSection
	GlobalSection(ExtensibilityGlobals) = postSolution
		SolutionGuid = {C4F1C28B-0306-46C6-8528-A8473A2D4CE8}
	EndGlobalSection
EndGlobal
